
Microsoft Visual Studio Solution File, Format Version 12.00
Project("{FAE04EC0-301F-11D3-BF4B-00C04F79EFBC}") = "AverageBrightnessTask", "AverageBrightnessTask\AverageBrightnessTask.csproj", "{03791033-B208-4AE4-855A-D22CB7A5D114}"
EndProject
Project("{FAE04EC0-301F-11D3-BF4B-00C04F79EFBC}") = "Test", "Test\Test.csproj", "{1BDB364B-25AD-4253-B4A6-9E5E1B639F5E}"
EndProject
Global
	GlobalSection(SolutionConfigurationPlatforms) = preSolution
		Debug|Any CPU = Debug|Any CPU
		Release|Any CPU = Release|Any CPU
	EndGlobalSection
	GlobalSection(ProjectConfigurationPlatforms) = postSolution
		{03791033-B208-4AE4-855A-D22CB7A5D114}.Debug|Any CPU.ActiveCfg = Debug|Any CPU
		{03791033-B208-4AE4-855A-D22CB7A5D114}.Debug|Any CPU.Build.0 = Debug|Any CPU
		{03791033-B208-4AE4-855A-D22CB7A5D114}.Release|Any CPU.ActiveCfg = Release|Any CPU
		{03791033-B208-4AE4-855A-D22CB7A5D114}.Release|Any CPU.Build.0 = Release|Any CPU
		{1BDB364B-25AD-4253-B4A6-9E5E1B639F5E}.Debug|Any CPU.ActiveCfg = Debug|Any CPU
		{1BDB364B-25AD-4253-B4A6-9E5E1B639F5E}.Debug|Any CPU.Build.0 = Debug|Any CPU
		{1BDB364B-25AD-4253-B4A6-9E5E1B639F5E}.Release|Any CPU.ActiveCfg = Release|Any CPU
		{1BDB364B-25AD-4253-B4A6-9E5E1B639F5E}.Release|Any CPU.Build.0 = Release|Any CPU
	EndGlobalSection
EndGlobal
